
Microsoft Visual Studio Solution File, Format Version 12.00
# Visual Studio Version 17
VisualStudioVersion = 17.10.34928.147
MinimumVisualStudioVersion = 10.0.40219.1
Project("{FAE04EC0-301F-11D3-BF4B-00C04F79EFBC}") = "TestePcap", "TestePcap\TestePcap.csproj", "{C870F1DC-AFBF-4DEC-8B88-DDDC24AAE4A9}"
EndProject
Global
	GlobalSection(SolutionConfigurationPlatforms) = preSolution
		Debug|Any CPU = Debug|Any CPU
		Debug|x64 = Debug|x64
		Release|Any CPU = Release|Any CPU
		Release|x64 = Release|x64
	EndGlobalSection
	GlobalSection(ProjectConfigurationPlatforms) = postSolution
		{C870F1DC-AFBF-4DEC-8B88-DDDC24AAE4A9}.Debug|Any CPU.ActiveCfg = Debug|Any CPU
		{C870F1DC-AFBF-4DEC-8B88-DDDC24AAE4A9}.Debug|Any CPU.Build.0 = Debug|Any CPU
		{C870F1DC-AFBF-4DEC-8B88-DDDC24AAE4A9}.Debug|x64.ActiveCfg = Debug|x64
		{C870F1DC-AFBF-4DEC-8B88-DDDC24AAE4A9}.Debug|x64.Build.0 = Debug|x64
		{C870F1DC-AFBF-4DEC-8B88-DDDC24AAE4A9}.Release|Any CPU.ActiveCfg = Release|Any CPU
		{C870F1DC-AFBF-4DEC-8B88-DDDC24AAE4A9}.Release|Any CPU.Build.0 = Release|Any CPU
		{C870F1DC-AFBF-4DEC-8B88-DDDC24AAE4A9}.Release|x64.ActiveCfg = Release|x64
		{C870F1DC-AFBF-4DEC-8B88-DDDC24AAE4A9}.Release|x64.Build.0 = Release|x64
	EndGlobalSection
	GlobalSection(SolutionProperties) = preSolution
		HideSolutionNode = FALSE
	EndGlobalSection
	GlobalSection(ExtensibilityGlobals) = postSolution
		SolutionGuid = {AAB22C44-A5F9-4D70-B94D-E4DCE8C43557}
	EndGlobalSection
EndGlobal
